
Microsoft Visual Studio Solution File, Format Version 12.00
# Visual Studio Version 17
VisualStudioVersion = 17.13.35919.96
MinimumVisualStudioVersion = 10.0.40219.1
Project("{FAE04EC0-301F-11D3-BF4B-00C04F79EFBC}") = "DCPCompressor.Demo", "DataCompressor.Demo\DCPCompressor.Demo.csproj", "{AD19932C-CFFA-46EF-AFD6-1ACC59D202AA}"
EndProject
Project("{FAE04EC0-301F-11D3-BF4B-00C04F79EFBC}") = "DCPCompressor.Benchmarks", "DataCompressor.Benchmarks\DCPCompressor.Benchmarks.csproj", "{22E4926F-C8BA-41F5-84C4-B6FEB50868EE}"
EndProject
Project("{FAE04EC0-301F-11D3-BF4B-00C04F79EFBC}") = "DCPCompressor", "DCPCompressor\DCPCompressor.csproj", "{C702694A-3063-3FA2-1FD1-9B7C0F09E6EA}"
EndProject
Global
	GlobalSection(SolutionConfigurationPlatforms) = preSolution
		Debug|Any CPU = Debug|Any CPU
		Release|Any CPU = Release|Any CPU
	EndGlobalSection
	GlobalSection(ProjectConfigurationPlatforms) = postSolution
		{AD19932C-CFFA-46EF-AFD6-1ACC59D202AA}.Debug|Any CPU.ActiveCfg = Debug|Any CPU
		{AD19932C-CFFA-46EF-AFD6-1ACC59D202AA}.Debug|Any CPU.Build.0 = Debug|Any CPU
		{AD19932C-CFFA-46EF-AFD6-1ACC59D202AA}.Release|Any CPU.ActiveCfg = Release|Any CPU
		{AD19932C-CFFA-46EF-AFD6-1ACC59D202AA}.Release|Any CPU.Build.0 = Release|Any CPU
		{22E4926F-C8BA-41F5-84C4-B6FEB50868EE}.Debug|Any CPU.ActiveCfg = Debug|Any CPU
		{22E4926F-C8BA-41F5-84C4-B6FEB50868EE}.Debug|Any CPU.Build.0 = Debug|Any CPU
		{22E4926F-C8BA-41F5-84C4-B6FEB50868EE}.Release|Any CPU.ActiveCfg = Release|Any CPU
		{22E4926F-C8BA-41F5-84C4-B6FEB50868EE}.Release|Any CPU.Build.0 = Release|Any CPU
		{C702694A-3063-3FA2-1FD1-9B7C0F09E6EA}.Debug|Any CPU.ActiveCfg = Debug|Any CPU
		{C702694A-3063-3FA2-1FD1-9B7C0F09E6EA}.Debug|Any CPU.Build.0 = Debug|Any CPU
		{C702694A-3063-3FA2-1FD1-9B7C0F09E6EA}.Release|Any CPU.ActiveCfg = Release|Any CPU
		{C702694A-3063-3FA2-1FD1-9B7C0F09E6EA}.Release|Any CPU.Build.0 = Release|Any CPU
	EndGlobalSection
	GlobalSection(SolutionProperties) = preSolution
		HideSolutionNode = FALSE
	EndGlobalSection
	GlobalSection(ExtensibilityGlobals) = postSolution
		SolutionGuid = {00C4D45D-024F-4D80-8B49-9610C188C1AF}
	EndGlobalSection
EndGlobal
